# This file is autogenerated, do not edit; changes may be undone by the next 'dep ensure'.


[[projects]]
  branch = "master"
  name = "github.com/joaosoft/errors"
  packages = ["."]
  revision = "07fdf5f64e4aedcc55f46a8f3cad3da1e702409f"

[solve-meta]
  analyzer-name = "dep"
  analyzer-version = 1
  inputs-digest = "89b904e3e97d3a0043f2252eb50d8c47d79eab82ad3314b3cdcd190fddd1dc1a"
  solver-name = "gps-cdcl"
  solver-version = 1
